{
    "name": "vitepress-theme",
    "version": "1.0.0",
    "lockfileVersion": 3,
    "requires": true,
    "packages": {
        "": {
            "name": "vitepress-theme",
            "version": "1.0.0",
            "license": "ISC",
            "dependencies": {
                "body-scroll-lock": "^4.0.0-beta.0",
                "sitemap": "^7.1.1",
                "vitepress": "^1.0.0-alpha.4",
                "vitepress-simple-theme": "^0.4.0"
            }
        },
        "node_modules/@algolia/autocomplete-core": {
            "version": "1.6.3",
            "license": "MIT",
            "dependencies": {
                "@algolia/autocomplete-shared": "1.6.3"
            }
        },
        "node_modules/@algolia/autocomplete-shared": {
            "version": "1.6.3",
            "license": "MIT"
        },
        "node_modules/@algolia/cache-browser-local-storage": {
            "version": "4.13.1",
            "license": "MIT",
            "dependencies": {
                "@algolia/cache-common": "4.13.1"
            }
        },
        "node_modules/@algolia/cache-common": {
            "version": "4.13.1",
            "license": "MIT"
        },
        "node_modules/@algolia/cache-in-memory": {
            "version": "4.13.1",
            "license": "MIT",
            "dependencies": {
                "@algolia/cache-common": "4.13.1"
            }
        },
        "node_modules/@algolia/client-account": {
            "version": "4.13.1",
            "license": "MIT",
            "dependencies": {
                "@algolia/client-common": "4.13.1",
                "@algolia/client-search": "4.13.1",
                "@algolia/transporter": "4.13.1"
            }
        },
        "node_modules/@algolia/client-analytics": {
            "version": "4.13.1",
            "license": "MIT",
            "dependencies": {
                "@algolia/client-common": "4.13.1",
                "@algolia/client-search": "4.13.1",
                "@algolia/requester-common": "4.13.1",
                "@algolia/transporter": "4.13.1"
            }
        },
        "node_modules/@algolia/client-common": {
            "version": "4.13.1",
            "license": "MIT",
            "dependencies": {
                "@algolia/requester-common": "4.13.1",
                "@algolia/transporter": "4.13.1"
            }
        },
        "node_modules/@algolia/client-personalization": {
            "version": "4.13.1",
            "license": "MIT",
            "dependencies": {
                "@algolia/client-common": "4.13.1",
                "@algolia/requester-common": "4.13.1",
                "@algolia/transporter": "4.13.1"
            }
        },
        "node_modules/@algolia/client-search": {
            "version": "4.13.1",
            "license": "MIT",
            "dependencies": {
                "@algolia/client-common": "4.13.1",
                "@algolia/requester-common": "4.13.1",
                "@algolia/transporter": "4.13.1"
            }
        },
        "node_modules/@algolia/logger-common": {
            "version": "4.13.1",
            "license": "MIT"
        },
        "node_modules/@algolia/logger-console": {
            "version": "4.13.1",
            "license": "MIT",
            "dependencies": {
                "@algolia/logger-common": "4.13.1"
            }
        },
        "node_modules/@algolia/requester-browser-xhr": {
            "version": "4.13.1",
            "license": "MIT",
            "dependencies": {
                "@algolia/requester-common": "4.13.1"
            }
        },
        "node_modules/@algolia/requester-common": {
            "version": "4.13.1",
            "license": "MIT"
        },
        "node_modules/@algolia/requester-node-http": {
            "version": "4.13.1",
            "license": "MIT",
            "dependencies": {
                "@algolia/requester-common": "4.13.1"
            }
        },
        "node_modules/@algolia/transporter": {
            "version": "4.13.1",
            "license": "MIT",
            "dependencies": {
                "@algolia/cache-common": "4.13.1",
                "@algolia/logger-common": "4.13.1",
                "@algolia/requester-common": "4.13.1"
            }
        },
        "node_modules/@babel/parser": {
            "version": "7.18.5",
            "license": "MIT",
            "bin": {
                "parser": "bin/babel-parser.js"
            },
            "engines": {
                "node": ">=6.0.0"
            }
        },
        "node_modules/@docsearch/css": {
            "version": "3.1.0",
            "license": "MIT"
        },
        "node_modules/@docsearch/js": {
            "version": "3.1.0",
            "license": "MIT",
            "dependencies": {
                "@docsearch/react": "3.1.0",
                "preact": "^10.0.0"
            }
        },
        "node_modules/@docsearch/react": {
            "version": "3.1.0",
            "license": "MIT",
            "dependencies": {
                "@algolia/autocomplete-core": "1.6.3",
                "@docsearch/css": "3.1.0",
                "algoliasearch": "^4.0.0"
            },
            "peerDependencies": {
                "@types/react": ">= 16.8.0 < 19.0.0",
                "react": ">= 16.8.0 < 19.0.0",
                "react-dom": ">= 16.8.0 < 19.0.0"
            }
        },
        "node_modules/@types/node": {
            "version": "17.0.45",
            "license": "MIT"
        },
        "node_modules/@types/prop-types": {
            "version": "15.7.5",
            "license": "MIT",
            "peer": true
        },
        "node_modules/@types/react": {
            "version": "18.0.20",
            "license": "MIT",
            "peer": true,
            "dependencies": {
                "@types/prop-types": "*",
                "@types/scheduler": "*",
                "csstype": "^3.0.2"
            }
        },
        "node_modules/@types/react/node_modules/csstype": {
            "version": "3.1.1",
            "license": "MIT",
            "peer": true
        },
        "node_modules/@types/sax": {
            "version": "1.2.4",
            "license": "MIT",
            "dependencies": {
                "@types/node": "*"
            }
        },
        "node_modules/@types/scheduler": {
            "version": "0.16.2",
            "license": "MIT",
            "peer": true
        },
        "node_modules/@types/web-bluetooth": {
            "version": "0.0.14",
            "license": "MIT"
        },
        "node_modules/@vitejs/plugin-vue": {
            "version": "2.3.3",
            "license": "MIT",
            "engines": {
                "node": ">=12.0.0"
            },
            "peerDependencies": {
                "vite": "^2.5.10",
                "vue": "^3.2.25"
            }
        },
        "node_modules/@vue/compiler-core": {
            "version": "3.2.37",
            "license": "MIT",
            "dependencies": {
                "@babel/parser": "^7.16.4",
                "@vue/shared": "3.2.37",
                "estree-walker": "^2.0.2",
                "source-map": "^0.6.1"
            }
        },
        "node_modules/@vue/compiler-dom": {
            "version": "3.2.37",
            "license": "MIT",
            "dependencies": {
                "@vue/compiler-core": "3.2.37",
                "@vue/shared": "3.2.37"
            }
        },
        "node_modules/@vue/compiler-sfc": {
            "version": "3.2.37",
            "license": "MIT",
            "dependencies": {
                "@babel/parser": "^7.16.4",
                "@vue/compiler-core": "3.2.37",
                "@vue/compiler-dom": "3.2.37",
                "@vue/compiler-ssr": "3.2.37",
                "@vue/reactivity-transform": "3.2.37",
                "@vue/shared": "3.2.37",
                "estree-walker": "^2.0.2",
                "magic-string": "^0.25.7",
                "postcss": "^8.1.10",
                "source-map": "^0.6.1"
            }
        },
        "node_modules/@vue/compiler-ssr": {
            "version": "3.2.37",
            "license": "MIT",
            "dependencies": {
                "@vue/compiler-dom": "3.2.37",
                "@vue/shared": "3.2.37"
            }
        },
        "node_modules/@vue/devtools-api": {
            "version": "6.1.4",
            "license": "MIT"
        },
        "node_modules/@vue/reactivity": {
            "version": "3.2.37",
            "license": "MIT",
            "dependencies": {
                "@vue/shared": "3.2.37"
            }
        },
        "node_modules/@vue/reactivity-transform": {
            "version": "3.2.37",
            "license": "MIT",
            "dependencies": {
                "@babel/parser": "^7.16.4",
                "@vue/compiler-core": "3.2.37",
                "@vue/shared": "3.2.37",
                "estree-walker": "^2.0.2",
                "magic-string": "^0.25.7"
            }
        },
        "node_modules/@vue/runtime-core": {
            "version": "3.2.37",
            "license": "MIT",
            "dependencies": {
                "@vue/reactivity": "3.2.37",
                "@vue/shared": "3.2.37"
            }
        },
        "node_modules/@vue/runtime-dom": {
            "version": "3.2.37",
            "license": "MIT",
            "dependencies": {
                "@vue/runtime-core": "3.2.37",
                "@vue/shared": "3.2.37",
                "csstype": "^2.6.8"
            }
        },
        "node_modules/@vue/server-renderer": {
            "version": "3.2.37",
            "license": "MIT",
            "dependencies": {
                "@vue/compiler-ssr": "3.2.37",
                "@vue/shared": "3.2.37"
            },
            "peerDependencies": {
                "vue": "3.2.37"
            }
        },
        "node_modules/@vue/shared": {
            "version": "3.2.37",
            "license": "MIT"
        },
        "node_modules/@vueuse/core": {
            "version": "8.7.5",
            "license": "MIT",
            "dependencies": {
                "@types/web-bluetooth": "^0.0.14",
                "@vueuse/metadata": "8.7.5",
                "@vueuse/shared": "8.7.5",
                "vue-demi": "*"
            },
            "funding": {
                "url": "https://github.com/sponsors/antfu"
            },
            "peerDependencies": {
                "@vue/composition-api": "^1.1.0",
                "vue": "^2.6.0 || ^3.2.0"
            },
            "peerDependenciesMeta": {
                "@vue/composition-api": {
                    "optional": true
                },
                "vue": {
                    "optional": true
                }
            }
        },
        "node_modules/@vueuse/metadata": {
            "version": "8.7.5",
            "license": "MIT",
            "funding": {
                "url": "https://github.com/sponsors/antfu"
            }
        },
        "node_modules/@vueuse/shared": {
            "version": "8.7.5",
            "license": "MIT",
            "dependencies": {
                "vue-demi": "*"
            },
            "funding": {
                "url": "https://github.com/sponsors/antfu"
            },
            "peerDependencies": {
                "@vue/composition-api": "^1.1.0",
                "vue": "^2.6.0 || ^3.2.0"
            },
            "peerDependenciesMeta": {
                "@vue/composition-api": {
                    "optional": true
                },
                "vue": {
                    "optional": true
                }
            }
        },
        "node_modules/algoliasearch": {
            "version": "4.13.1",
            "license": "MIT",
            "dependencies": {
                "@algolia/cache-browser-local-storage": "4.13.1",
                "@algolia/cache-common": "4.13.1",
                "@algolia/cache-in-memory": "4.13.1",
                "@algolia/client-account": "4.13.1",
                "@algolia/client-analytics": "4.13.1",
                "@algolia/client-common": "4.13.1",
                "@algolia/client-personalization": "4.13.1",
                "@algolia/client-search": "4.13.1",
                "@algolia/logger-common": "4.13.1",
                "@algolia/logger-console": "4.13.1",
                "@algolia/requester-browser-xhr": "4.13.1",
                "@algolia/requester-common": "4.13.1",
                "@algolia/requester-node-http": "4.13.1",
                "@algolia/transporter": "4.13.1"
            }
        },
        "node_modules/arg": {
            "version": "5.0.2",
            "license": "MIT"
        },
        "node_modules/body-scroll-lock": {
            "version": "4.0.0-beta.0",
            "resolved": "https://registry.npmjs.org/body-scroll-lock/-/body-scroll-lock-4.0.0-beta.0.tgz",
            "integrity": "sha512-a7tP5+0Mw3YlUJcGAKUqIBkYYGlYxk2fnCasq/FUph1hadxlTRjF+gAcZksxANnaMnALjxEddmSi/H3OR8ugcQ=="
        },
        "node_modules/csstype": {
            "version": "2.6.20",
            "license": "MIT"
        },
        "node_modules/esbuild": {
            "version": "0.14.47",
            "hasInstallScript": true,
            "license": "MIT",
            "bin": {
                "esbuild": "bin/esbuild"
            },
            "engines": {
                "node": ">=12"
            },
            "optionalDependencies": {
                "esbuild-android-64": "0.14.47",
                "esbuild-android-arm64": "0.14.47",
                "esbuild-darwin-64": "0.14.47",
                "esbuild-darwin-arm64": "0.14.47",
                "esbuild-freebsd-64": "0.14.47",
                "esbuild-freebsd-arm64": "0.14.47",
                "esbuild-linux-32": "0.14.47",
                "esbuild-linux-64": "0.14.47",
                "esbuild-linux-arm": "0.14.47",
                "esbuild-linux-arm64": "0.14.47",
                "esbuild-linux-mips64le": "0.14.47",
                "esbuild-linux-ppc64le": "0.14.47",
                "esbuild-linux-riscv64": "0.14.47",
                "esbuild-linux-s390x": "0.14.47",
                "esbuild-netbsd-64": "0.14.47",
                "esbuild-openbsd-64": "0.14.47",
                "esbuild-sunos-64": "0.14.47",
                "esbuild-windows-32": "0.14.47",
                "esbuild-windows-64": "0.14.47",
                "esbuild-windows-arm64": "0.14.47"
            }
        },
        "node_modules/esbuild-windows-64": {
            "version": "0.14.47",
            "cpu": [
                "x64"
            ],
            "license": "MIT",
            "optional": true,
            "os": [
                "win32"
            ],
            "engines": {
                "node": ">=12"
            }
        },
        "node_modules/estree-walker": {
            "version": "2.0.2",
            "license": "MIT"
        },
        "node_modules/function-bind": {
            "version": "1.1.1",
            "license": "MIT"
        },
        "node_modules/has": {
            "version": "1.0.3",
            "license": "MIT",
            "dependencies": {
                "function-bind": "^1.1.1"
            },
            "engines": {
                "node": ">= 0.4.0"
            }
        },
        "node_modules/is-core-module": {
            "version": "2.9.0",
            "license": "MIT",
            "dependencies": {
                "has": "^1.0.3"
            },
            "funding": {
                "url": "https://github.com/sponsors/ljharb"
            }
        },
        "node_modules/js-tokens": {
            "version": "4.0.0",
            "license": "MIT",
            "peer": true
        },
        "node_modules/jsonc-parser": {
            "version": "3.0.0",
            "license": "MIT"
        },
        "node_modules/loose-envify": {
            "version": "1.4.0",
            "license": "MIT",
            "peer": true,
            "dependencies": {
                "js-tokens": "^3.0.0 || ^4.0.0"
            },
            "bin": {
                "loose-envify": "cli.js"
            }
        },
        "node_modules/magic-string": {
            "version": "0.25.9",
            "license": "MIT",
            "dependencies": {
                "sourcemap-codec": "^1.4.8"
            }
        },
        "node_modules/moment": {
            "version": "2.29.3",
            "license": "MIT",
            "engines": {
                "node": "*"
            }
        },
        "node_modules/nanoid": {
            "version": "3.3.4",
            "license": "MIT",
            "bin": {
                "nanoid": "bin/nanoid.cjs"
            },
            "engines": {
                "node": "^10 || ^12 || ^13.7 || ^14 || >=15.0.1"
            }
        },
        "node_modules/path-parse": {
            "version": "1.0.7",
            "license": "MIT"
        },
        "node_modules/picocolors": {
            "version": "1.0.0",
            "license": "ISC"
        },
        "node_modules/postcss": {
            "version": "8.4.14",
            "funding": [
                {
                    "type": "opencollective",
                    "url": "https://opencollective.com/postcss/"
                },
                {
                    "type": "tidelift",
                    "url": "https://tidelift.com/funding/github/npm/postcss"
                }
            ],
            "license": "MIT",
            "dependencies": {
                "nanoid": "^3.3.4",
                "picocolors": "^1.0.0",
                "source-map-js": "^1.0.2"
            },
            "engines": {
                "node": "^10 || ^12 || >=14"
            }
        },
        "node_modules/preact": {
            "version": "10.8.2",
            "license": "MIT",
            "funding": {
                "type": "opencollective",
                "url": "https://opencollective.com/preact"
            }
        },
        "node_modules/react": {
            "version": "18.2.0",
            "license": "MIT",
            "peer": true,
            "dependencies": {
                "loose-envify": "^1.1.0"
            },
            "engines": {
                "node": ">=0.10.0"
            }
        },
        "node_modules/react-dom": {
            "version": "18.2.0",
            "license": "MIT",
            "peer": true,
            "dependencies": {
                "loose-envify": "^1.1.0",
                "scheduler": "^0.23.0"
            },
            "peerDependencies": {
                "react": "^18.2.0"
            }
        },
        "node_modules/resolve": {
            "version": "1.22.1",
            "license": "MIT",
            "dependencies": {
                "is-core-module": "^2.9.0",
                "path-parse": "^1.0.7",
                "supports-preserve-symlinks-flag": "^1.0.0"
            },
            "bin": {
                "resolve": "bin/resolve"
            },
            "funding": {
                "url": "https://github.com/sponsors/ljharb"
            }
        },
        "node_modules/rollup": {
            "version": "2.75.7",
            "license": "MIT",
            "bin": {
                "rollup": "dist/bin/rollup"
            },
            "engines": {
                "node": ">=10.0.0"
            },
            "optionalDependencies": {
                "fsevents": "~2.3.2"
            }
        },
        "node_modules/sax": {
            "version": "1.2.4",
            "license": "ISC"
        },
        "node_modules/scheduler": {
            "version": "0.23.0",
            "license": "MIT",
            "peer": true,
            "dependencies": {
                "loose-envify": "^1.1.0"
            }
        },
        "node_modules/shiki": {
            "version": "0.10.1",
            "license": "MIT",
            "dependencies": {
                "jsonc-parser": "^3.0.0",
                "vscode-oniguruma": "^1.6.1",
                "vscode-textmate": "5.2.0"
            }
        },
        "node_modules/sitemap": {
            "version": "7.1.1",
            "license": "MIT",
            "dependencies": {
                "@types/node": "^17.0.5",
                "@types/sax": "^1.2.1",
                "arg": "^5.0.0",
                "sax": "^1.2.4"
            },
            "bin": {
                "sitemap": "dist/cli.js"
            },
            "engines": {
                "node": ">=12.0.0",
                "npm": ">=5.6.0"
            }
        },
        "node_modules/source-map": {
            "version": "0.6.1",
            "license": "BSD-3-Clause",
            "engines": {
                "node": ">=0.10.0"
            }
        },
        "node_modules/source-map-js": {
            "version": "1.0.2",
            "license": "BSD-3-Clause",
            "engines": {
                "node": ">=0.10.0"
            }
        },
        "node_modules/sourcemap-codec": {
            "version": "1.4.8",
            "license": "MIT"
        },
        "node_modules/supports-preserve-symlinks-flag": {
            "version": "1.0.0",
            "license": "MIT",
            "engines": {
                "node": ">= 0.4"
            },
            "funding": {
                "url": "https://github.com/sponsors/ljharb"
            }
        },
        "node_modules/vite": {
            "version": "2.9.12",
            "license": "MIT",
            "dependencies": {
                "esbuild": "^0.14.27",
                "postcss": "^8.4.13",
                "resolve": "^1.22.0",
                "rollup": "^2.59.0"
            },
            "bin": {
                "vite": "bin/vite.js"
            },
            "engines": {
                "node": ">=12.2.0"
            },
            "optionalDependencies": {
                "fsevents": "~2.3.2"
            },
            "peerDependencies": {
                "less": "*",
                "sass": "*",
                "stylus": "*"
            },
            "peerDependenciesMeta": {
                "less": {
                    "optional": true
                },
                "sass": {
                    "optional": true
                },
                "stylus": {
                    "optional": true
                }
            }
        },
        "node_modules/vitepress": {
            "version": "1.0.0-alpha.4",
            "license": "MIT",
            "dependencies": {
                "@docsearch/css": "^3.0.0",
                "@docsearch/js": "^3.0.0",
                "@vitejs/plugin-vue": "^2.3.2",
                "@vue/devtools-api": "^6.1.4",
                "@vueuse/core": "^8.5.0",
                "body-scroll-lock": "^4.0.0-beta.0",
                "shiki": "^0.10.1",
                "vite": "^2.9.7",
                "vue": "^3.2.33"
            },
            "bin": {
                "vitepress": "bin/vitepress.js"
            },
            "engines": {
                "node": ">=14.6.0"
            }
        },
        "node_modules/vitepress-simple-theme": {
            "version": "0.4.0",
            "license": "MIT",
            "dependencies": {
                "moment": "^2.29.3",
                "vitepress": "^1.0.0-alpha.1"
            },
            "engines": {
                "node": ">=14.6.0"
            }
        },
        "node_modules/vscode-oniguruma": {
            "version": "1.6.2",
            "license": "MIT"
        },
        "node_modules/vscode-textmate": {
            "version": "5.2.0",
            "license": "MIT"
        },
        "node_modules/vue": {
            "version": "3.2.37",
            "license": "MIT",
            "dependencies": {
                "@vue/compiler-dom": "3.2.37",
                "@vue/compiler-sfc": "3.2.37",
                "@vue/runtime-dom": "3.2.37",
                "@vue/server-renderer": "3.2.37",
                "@vue/shared": "3.2.37"
            }
        },
        "node_modules/vue-demi": {
            "version": "0.13.1",
            "hasInstallScript": true,
            "license": "MIT",
            "bin": {
                "vue-demi-fix": "bin/vue-demi-fix.js",
                "vue-demi-switch": "bin/vue-demi-switch.js"
            },
            "engines": {
                "node": ">=12"
            },
            "funding": {
                "url": "https://github.com/sponsors/antfu"
            },
            "peerDependencies": {
                "@vue/composition-api": "^1.0.0-rc.1",
                "vue": "^3.0.0-0 || ^2.6.0"
            },
            "peerDependenciesMeta": {
                "@vue/composition-api": {
                    "optional": true
                }
            }
        }
    }
}
